# vx.lock - Auto-generated, do not edit manually
# Generated by vx 0.9.28

version = 2

[metadata]
generated_at = "2026-08-16T12:11:32Z"
vx_version = "0.9.28"
platform = "x86_64-pc-windows-msvc"

[tools.dotnet]
version = "8.0.424"
source = "generic"
resolved_from = "8"
ecosystem = "generic"
download_url = "https://dotnetcli.azureedge.net/dotnet/Sdk/8.0.424/dotnet-sdk-8.0.424-win-x64.zip"

[tools.dotnet.platform_urls]
darwin-arm64 = "https://dotnetcli.azureedge.net/dotnet/Sdk/8.0.424/dotnet-sdk-8.0.424-win-x64.zip"
darwin-x64 = "https://dotnetcli.azureedge.net/dotnet/Sdk/8.0.424/dotnet-sdk-8.0.424-win-x64.zip"
linux-arm64 = "https://dotnetcli.azureedge.net/dotnet/Sdk/8.0.424/dotnet-sdk-8.0.424-win-x64.zip"
linux-x64 = "https://dotnetcli.azureedge.net/dotnet/Sdk/8.0.424/dotnet-sdk-8.0.424-win-x64.zip"
windows-arm64 = "https://dotnetcli.azureedge.net/dotnet/Sdk/8.0.424/dotnet-sdk-8.0.424-win-x64.zip"
windows-x64 = "https://dotnetcli.azureedge.net/dotnet/Sdk/8.0.424/dotnet-sdk-8.0.424-win-x64.zip"

[tools.dotnet.metadata]
lts = "true"
